
Microsoft Visual Studio Solution File, Format Version 11.00
# Visual Studio 2010 Express for Windows Phone
Project("{FAE04EC0-301F-11D3-BF4B-00C04F79EFBC}") = "CMTVDataBase", "CMTVDataBase\CMTVDataBase.csproj", "{BA28FBF2-8647-47E2-A637-C35F402C6A75}"
EndProject
Global
	GlobalSection(SolutionConfigurationPlatforms) = preSolution
		Debug|Any CPU = Debug|Any CPU
		Release|Any CPU = Release|Any CPU
	EndGlobalSection
	GlobalSection(ProjectConfigurationPlatforms) = postSolution
		{BA28FBF2-8647-47E2-A637-C35F402C6A75}.Debug|Any CPU.ActiveCfg = Debug|Any CPU
		{BA28FBF2-8647-47E2-A637-C35F402C6A75}.Debug|Any CPU.Build.0 = Debug|Any CPU
		{BA28FBF2-8647-47E2-A637-C35F402C6A75}.Release|Any CPU.ActiveCfg = Release|Any CPU
		{BA28FBF2-8647-47E2-A637-C35F402C6A75}.Release|Any CPU.Build.0 = Release|Any CPU
	EndGlobalSection
	GlobalSection(SolutionProperties) = preSolution
		HideSolutionNode = FALSE
	EndGlobalSection
EndGlobal
